
Microsoft Visual Studio Solution File, Format Version 12.00
Project("{FAE04EC0-301F-11D3-BF4B-00C04F79EFBC}") = "EventStore", "EventStore\EventStore.csproj", "{3116BB91-0A13-48A5-9F88-80FE4D8E370B}"
EndProject
Project("{FAE04EC0-301F-11D3-BF4B-00C04F79EFBC}") = "EventStore.Tests", "EventStore.Tests\EventStore.Tests.csproj", "{971C6209-F718-4D68-A2E3-08A2CEA568BF}"
EndProject
Project("{2150E333-8FDC-42A3-9474-1A3956D46DE8}") = "attached", "attached", "{FB0E21EB-B47F-4E01-B433-07AB04CB238A}"
ProjectSection(SolutionItems) = preProject
	..\README.md = ..\README.md
EndProjectSection
EndProject
Global
	GlobalSection(SolutionConfigurationPlatforms) = preSolution
		Debug|Any CPU = Debug|Any CPU
		Release|Any CPU = Release|Any CPU
	EndGlobalSection
	GlobalSection(ProjectConfigurationPlatforms) = postSolution
		{3116BB91-0A13-48A5-9F88-80FE4D8E370B}.Debug|Any CPU.ActiveCfg = Debug|Any CPU
		{3116BB91-0A13-48A5-9F88-80FE4D8E370B}.Debug|Any CPU.Build.0 = Debug|Any CPU
		{3116BB91-0A13-48A5-9F88-80FE4D8E370B}.Release|Any CPU.ActiveCfg = Release|Any CPU
		{3116BB91-0A13-48A5-9F88-80FE4D8E370B}.Release|Any CPU.Build.0 = Release|Any CPU
		{971C6209-F718-4D68-A2E3-08A2CEA568BF}.Debug|Any CPU.ActiveCfg = Debug|Any CPU
		{971C6209-F718-4D68-A2E3-08A2CEA568BF}.Debug|Any CPU.Build.0 = Debug|Any CPU
		{971C6209-F718-4D68-A2E3-08A2CEA568BF}.Release|Any CPU.ActiveCfg = Release|Any CPU
		{971C6209-F718-4D68-A2E3-08A2CEA568BF}.Release|Any CPU.Build.0 = Release|Any CPU
	EndGlobalSection
EndGlobal
